
Microsoft Visual Studio Solution File, Format Version 12.00
# Visual Studio 15
Project("{FAE04EC0-301F-11D3-BF4B-00C04F79EFBC}") = "UniRx", "UniRx.csproj", "{14F4DCD2-4040-CEBC-F860-9098B43E1086}"
EndProject
Project("{FAE04EC0-301F-11D3-BF4B-00C04F79EFBC}") = "UniTask", "UniTask.csproj", "{23F0E059-2937-B468-3291-1734BCC9623C}"
EndProject
Project("{FAE04EC0-301F-11D3-BF4B-00C04F79EFBC}") = "UniTask.Linq", "UniTask.Linq.csproj", "{35DED487-4FC1-189D-20C9-1C83AAF220A2}"
EndProject
Project("{FAE04EC0-301F-11D3-BF4B-00C04F79EFBC}") = "UniTask.Addressables", "UniTask.Addressables.csproj", "{0A0EB878-5D7D-74D1-8A3A-34CF11976182}"
EndProject
Project("{FAE04EC0-301F-11D3-BF4B-00C04F79EFBC}") = "Assembly-CSharp", "Assembly-CSharp.csproj", "{97781217-9E10-C2B0-BDAC-C787E886C17C}"
EndProject
Project("{FAE04EC0-301F-11D3-BF4B-00C04F79EFBC}") = "UniRx.Examples", "UniRx.Examples.csproj", "{84597121-12AF-D5E9-29B2-B18E983E5E24}"
EndProject
Project("{FAE04EC0-301F-11D3-BF4B-00C04F79EFBC}") = "UniTask.TextMeshPro", "UniTask.TextMeshPro.csproj", "{990F68D6-DF48-0735-3B91-3E1624A86743}"
EndProject
Project("{FAE04EC0-301F-11D3-BF4B-00C04F79EFBC}") = "Assembly-CSharp-Editor", "Assembly-CSharp-Editor.csproj", "{239F4B19-AB7A-DA3F-0ADA-234282D15031}"
EndProject
Project("{FAE04EC0-301F-11D3-BF4B-00C04F79EFBC}") = "UniTask.Editor", "UniTask.Editor.csproj", "{5A73AA82-E52B-2905-6E0A-789988C6A776}"
EndProject
Project("{FAE04EC0-301F-11D3-BF4B-00C04F79EFBC}") = "UniTask.DOTween", "UniTask.DOTween.csproj", "{4B03EBBD-1CA0-4B14-E4F5-666EE8DB4BB7}"
EndProject
Global
	GlobalSection(SolutionConfigurationPlatforms) = preSolution
		Debug|Any CPU = Debug|Any CPU
		Release|Any CPU = Release|Any CPU
	EndGlobalSection
	GlobalSection(ProjectConfigurationPlatforms) = postSolution
		{14F4DCD2-4040-CEBC-F860-9098B43E1086}.Debug|Any CPU.ActiveCfg = Debug|Any CPU
		{14F4DCD2-4040-CEBC-F860-9098B43E1086}.Debug|Any CPU.Build.0 = Debug|Any CPU
		{14F4DCD2-4040-CEBC-F860-9098B43E1086}.Release|Any CPU.ActiveCfg = Release|Any CPU
		{14F4DCD2-4040-CEBC-F860-9098B43E1086}.Release|Any CPU.Build.0 = Release|Any CPU
		{23F0E059-2937-B468-3291-1734BCC9623C}.Debug|Any CPU.ActiveCfg = Debug|Any CPU
		{23F0E059-2937-B468-3291-1734BCC9623C}.Debug|Any CPU.Build.0 = Debug|Any CPU
		{23F0E059-2937-B468-3291-1734BCC9623C}.Release|Any CPU.ActiveCfg = Release|Any CPU
		{23F0E059-2937-B468-3291-1734BCC9623C}.Release|Any CPU.Build.0 = Release|Any CPU
		{35DED487-4FC1-189D-20C9-1C83AAF220A2}.Debug|Any CPU.ActiveCfg = Debug|Any CPU
		{35DED487-4FC1-189D-20C9-1C83AAF220A2}.Debug|Any CPU.Build.0 = Debug|Any CPU
		{35DED487-4FC1-189D-20C9-1C83AAF220A2}.Release|Any CPU.ActiveCfg = Release|Any CPU
		{35DED487-4FC1-189D-20C9-1C83AAF220A2}.Release|Any CPU.Build.0 = Release|Any CPU
		{0A0EB878-5D7D-74D1-8A3A-34CF11976182}.Debug|Any CPU.ActiveCfg = Debug|Any CPU
		{0A0EB878-5D7D-74D1-8A3A-34CF11976182}.Debug|Any CPU.Build.0 = Debug|Any CPU
		{0A0EB878-5D7D-74D1-8A3A-34CF11976182}.Release|Any CPU.ActiveCfg = Release|Any CPU
		{0A0EB878-5D7D-74D1-8A3A-34CF11976182}.Release|Any CPU.Build.0 = Release|Any CPU
		{97781217-9E10-C2B0-BDAC-C787E886C17C}.Debug|Any CPU.ActiveCfg = Debug|Any CPU
		{97781217-9E10-C2B0-BDAC-C787E886C17C}.Debug|Any CPU.Build.0 = Debug|Any CPU
		{97781217-9E10-C2B0-BDAC-C787E886C17C}.Release|Any CPU.ActiveCfg = Release|Any CPU
		{97781217-9E10-C2B0-BDAC-C787E886C17C}.Release|Any CPU.Build.0 = Release|Any CPU
		{84597121-12AF-D5E9-29B2-B18E983E5E24}.Debug|Any CPU.ActiveCfg = Debug|Any CPU
		{84597121-12AF-D5E9-29B2-B18E983E5E24}.Debug|Any CPU.Build.0 = Debug|Any CPU
		{84597121-12AF-D5E9-29B2-B18E983E5E24}.Release|Any CPU.ActiveCfg = Release|Any CPU
		{84597121-12AF-D5E9-29B2-B18E983E5E24}.Release|Any CPU.Build.0 = Release|Any CPU
		{990F68D6-DF48-0735-3B91-3E1624A86743}.Debug|Any CPU.ActiveCfg = Debug|Any CPU
		{990F68D6-DF48-0735-3B91-3E1624A86743}.Debug|Any CPU.Build.0 = Debug|Any CPU
		{990F68D6-DF48-0735-3B91-3E1624A86743}.Release|Any CPU.ActiveCfg = Release|Any CPU
		{990F68D6-DF48-0735-3B91-3E1624A86743}.Release|Any CPU.Build.0 = Release|Any CPU
		{239F4B19-AB7A-DA3F-0ADA-234282D15031}.Debug|Any CPU.ActiveCfg = Debug|Any CPU
		{239F4B19-AB7A-DA3F-0ADA-234282D15031}.Debug|Any CPU.Build.0 = Debug|Any CPU
		{239F4B19-AB7A-DA3F-0ADA-234282D15031}.Release|Any CPU.ActiveCfg = Release|Any CPU
		{239F4B19-AB7A-DA3F-0ADA-234282D15031}.Release|Any CPU.Build.0 = Release|Any CPU
		{5A73AA82-E52B-2905-6E0A-789988C6A776}.Debug|Any CPU.ActiveCfg = Debug|Any CPU
		{5A73AA82-E52B-2905-6E0A-789988C6A776}.Debug|Any CPU.Build.0 = Debug|Any CPU
		{5A73AA82-E52B-2905-6E0A-789988C6A776}.Release|Any CPU.ActiveCfg = Release|Any CPU
		{5A73AA82-E52B-2905-6E0A-789988C6A776}.Release|Any CPU.Build.0 = Release|Any CPU
		{4B03EBBD-1CA0-4B14-E4F5-666EE8DB4BB7}.Debug|Any CPU.ActiveCfg = Debug|Any CPU
		{4B03EBBD-1CA0-4B14-E4F5-666EE8DB4BB7}.Debug|Any CPU.Build.0 = Debug|Any CPU
		{4B03EBBD-1CA0-4B14-E4F5-666EE8DB4BB7}.Release|Any CPU.ActiveCfg = Release|Any CPU
		{4B03EBBD-1CA0-4B14-E4F5-666EE8DB4BB7}.Release|Any CPU.Build.0 = Release|Any CPU
	EndGlobalSection
	GlobalSection(SolutionProperties) = preSolution
		HideSolutionNode = FALSE
	EndGlobalSection
EndGlobal
